
Microsoft Visual Studio Solution File, Format Version 12.00
# Visual Studio Version 17
VisualStudioVersion = 17.4.33205.214
MinimumVisualStudioVersion = 10.0.40219.1
Project("{FAE04EC0-301F-11D3-BF4B-00C04F79EFBC}") = "Master Entry Form", "Master Entry Form\Master Entry Form.csproj", "{C06F0FA1-C4D7-42F2-B6F4-900CC69CFCD0}"
EndProject
Global
	GlobalSection(SolutionConfigurationPlatforms) = preSolution
		Debug|Any CPU = Debug|Any CPU
		Release|Any CPU = Release|Any CPU
	EndGlobalSection
	GlobalSection(ProjectConfigurationPlatforms) = postSolution
		{C06F0FA1-C4D7-42F2-B6F4-900CC69CFCD0}.Debug|Any CPU.ActiveCfg = Debug|Any CPU
		{C06F0FA1-C4D7-42F2-B6F4-900CC69CFCD0}.Debug|Any CPU.Build.0 = Debug|Any CPU
		{C06F0FA1-C4D7-42F2-B6F4-900CC69CFCD0}.Release|Any CPU.ActiveCfg = Release|Any CPU
		{C06F0FA1-C4D7-42F2-B6F4-900CC69CFCD0}.Release|Any CPU.Build.0 = Release|Any CPU
	EndGlobalSection
	GlobalSection(SolutionProperties) = preSolution
		HideSolutionNode = FALSE
	EndGlobalSection
	GlobalSection(ExtensibilityGlobals) = postSolution
		SolutionGuid = {BD74C313-0B21-41A0-95D6-EE574C30E8A6}
	EndGlobalSection
EndGlobal
